
Microsoft Visual Studio Solution File, Format Version 12.00
# Visual Studio Version 16
VisualStudioVersion = 16.0.30104.148
MinimumVisualStudioVersion = 10.0.40219.1
Project("{FAE04EC0-301F-11D3-BF4B-00C04F79EFBC}") = "CityInfo.API", "CityInfo.API\CityInfo.API.csproj", "{7AC3B6FF-9853-44EE-8D7D-50F3DB37FA99}"
EndProject
Global
	GlobalSection(SolutionConfigurationPlatforms) = preSolution
		Debug|Any CPU = Debug|Any CPU
		Release|Any CPU = Release|Any CPU
	EndGlobalSection
	GlobalSection(ProjectConfigurationPlatforms) = postSolution
		{7AC3B6FF-9853-44EE-8D7D-50F3DB37FA99}.Debug|Any CPU.ActiveCfg = Debug|Any CPU
		{7AC3B6FF-9853-44EE-8D7D-50F3DB37FA99}.Debug|Any CPU.Build.0 = Debug|Any CPU
		{7AC3B6FF-9853-44EE-8D7D-50F3DB37FA99}.Release|Any CPU.ActiveCfg = Release|Any CPU
		{7AC3B6FF-9853-44EE-8D7D-50F3DB37FA99}.Release|Any CPU.Build.0 = Release|Any CPU
	EndGlobalSection
	GlobalSection(SolutionProperties) = preSolution
		HideSolutionNode = FALSE
	EndGlobalSection
	GlobalSection(ExtensibilityGlobals) = postSolution
		SolutionGuid = {E37A60F2-ED69-47D5-A423-6451FE7340AD}
	EndGlobalSection
EndGlobal
